{
  "name": "beside-teeth",
  "version": "0.0.0",
  "lockfileVersion": 3,
  "requires": true,
  "packages": {
    "": {
      "name": "beside-teeth",
      "version": "0.0.0",
      "dependencies": {
        "partyserver": "^0.5.8",
        "partysocket": "^1.0.2"
      },
      "devDependencies": {
        "typescript": "^5.5.4"
      }
    },
    "node_modules/@cloudflare/workers-types": {
      "version": "4.20260613.1",
      "resolved": "https://registry.npmjs.org/@cloudflare/workers-types/-/workers-types-4.20260613.1.tgz",
      "integrity": "sha512-1mrgjE6epolwBhroeGAp5ud5H6Vyi6tl1o/NP0T4rXJ8bmEjmhHnbCzAhHTDHV0PIeip43wcuzHKJarvaGTaUA==",
      "peer": true
    },
    "node_modules/event-target-polyfill": {
      "version": "0.0.4",
      "resolved": "https://registry.npmjs.org/event-target-polyfill/-/event-target-polyfill-0.0.4.tgz",
      "integrity": "sha512-Gs6RLjzlLRdT8X9ZipJdIZI/Y6/HhRLyq9RdDlCsnpxr/+Nn6bU2EFGuC94GjxqhM+Nmij2Vcq98yoHrU8uNFQ=="
    },
    "node_modules/nanoid": {
      "version": "5.1.11",
      "resolved": "https://registry.npmjs.org/nanoid/-/nanoid-5.1.11.tgz",
      "integrity": "sha512-v+KEsUv2ps74PaSKv0gHTxTCgMXOIfBEbaqa6w6ISIGC7ZsvHN4N9oJ8d4cmf0n5oTzQz2SLmThbQWhjd/8eKg==",
      "funding": [
        {
          "type": "github",
          "url": "https://github.com/sponsors/ai"
        }
      ],
      "bin": {
        "nanoid": "bin/nanoid.js"
      },
      "engines": {
        "node": "^18 || >=20"
      }
    },
    "node_modules/partyserver": {
      "version": "0.5.8",
      "resolved": "https://registry.npmjs.org/partyserver/-/partyserver-0.5.8.tgz",
      "integrity": "sha512-htgSwiBcBu9zIYLrsxBAOvdkjukHvncbTk0nDrJgfruvZ08rxtEN1Ab4T7j9osykP80Bq3zA2oWFd3ngc4Z9uw==",
      "dependencies": {
        "nanoid": "^5.1.9"
      },
      "peerDependencies": {
        "@cloudflare/workers-types": "^4.20260424.1"
      }
    },
    "node_modules/partysocket": {
      "version": "1.2.0",
      "resolved": "https://registry.npmjs.org/partysocket/-/partysocket-1.2.0.tgz",
      "integrity": "sha512-xgXql4N0b3umN263lHkrZMvvtYC906h4YjY8l63LNcF0x1bfJmQtZLQGqNQWzFHAxLns/6h6/rjdLW4EdYqQwA==",
      "dependencies": {
        "event-target-polyfill": "^0.0.4"
      },
      "peerDependencies": {
        "react": ">=17"
      },
      "peerDependenciesMeta": {
        "react": {
          "optional": true
        }
      }
    },
    "node_modules/typescript": {
      "version": "5.9.3",
      "resolved": "https://registry.npmjs.org/typescript/-/typescript-5.9.3.tgz",
      "integrity": "sha512-jl1vZzPDinLr9eUt3J/t7V6FgNEw9QjvBPdysz9KfQDD41fQrC2Y4vKQdiaUpFT4bXlb1RHhLpp8wtm6M5TgSw==",
      "dev": true,
      "bin": {
        "tsc": "bin/tsc",
        "tsserver": "bin/tsserver"
      },
      "engines": {
        "node": ">=14.17"
      }
    }
  }
}
